{
  "name": "is-country",
  "version": "1.0.0",
  "lockfileVersion": 1,
  "requires": true,
  "dependencies": {
    "apimon": {
      "version": "2.5.0",
      "resolved": "https://registry.npmjs.org/apimon/-/apimon-2.5.0.tgz",
      "integrity": "sha512-aPgqn2M6MxUNJF0Pui8LomtELcP3xjdDAZyXZtt9AhD24Bx2ZuuI+2e716xdQpPXc2P6L8irN96YD2JX/ZxyFw=="
    }
  }
}
